
Microsoft Visual Studio Solution File, Format Version 12.00
# Visual Studio Version 16
VisualStudioVersion = 16.0.32602.291
MinimumVisualStudioVersion = 10.0.40219.1
Project("{FAE04EC0-301F-11D3-BF4B-00C04F79EFBC}") = "CarInsurance", "CarInsurance\CarInsurance.csproj", "{14260A52-DB30-45D3-B032-045F26EA1C0C}"
EndProject
Global
	GlobalSection(SolutionConfigurationPlatforms) = preSolution
		Debug|Any CPU = Debug|Any CPU
		Release|Any CPU = Release|Any CPU
	EndGlobalSection
	GlobalSection(ProjectConfigurationPlatforms) = postSolution
		{14260A52-DB30-45D3-B032-045F26EA1C0C}.Debug|Any CPU.ActiveCfg = Debug|Any CPU
		{14260A52-DB30-45D3-B032-045F26EA1C0C}.Debug|Any CPU.Build.0 = Debug|Any CPU
		{14260A52-DB30-45D3-B032-045F26EA1C0C}.Release|Any CPU.ActiveCfg = Release|Any CPU
		{14260A52-DB30-45D3-B032-045F26EA1C0C}.Release|Any CPU.Build.0 = Release|Any CPU
	EndGlobalSection
	GlobalSection(SolutionProperties) = preSolution
		HideSolutionNode = FALSE
	EndGlobalSection
	GlobalSection(ExtensibilityGlobals) = postSolution
		SolutionGuid = {F0F606C4-860E-4175-9E27-25720DA32237}
	EndGlobalSection
EndGlobal
