
Microsoft Visual Studio Solution File, Format Version 12.00
# Visual Studio Version 16
VisualStudioVersion = 16.0.32602.291
MinimumVisualStudioVersion = 10.0.40219.1
Project("{FAE04EC0-301F-11D3-BF4B-00C04F79EFBC}") = "AdditionalFeaturesAssignment", "AdditionalFeaturesAssignment\AdditionalFeaturesAssignment.csproj", "{A067A08F-A3E0-4712-B862-2535DB209283}"
EndProject
Global
	GlobalSection(SolutionConfigurationPlatforms) = preSolution
		Debug|Any CPU = Debug|Any CPU
		Release|Any CPU = Release|Any CPU
	EndGlobalSection
	GlobalSection(ProjectConfigurationPlatforms) = postSolution
		{A067A08F-A3E0-4712-B862-2535DB209283}.Debug|Any CPU.ActiveCfg = Debug|Any CPU
		{A067A08F-A3E0-4712-B862-2535DB209283}.Debug|Any CPU.Build.0 = Debug|Any CPU
		{A067A08F-A3E0-4712-B862-2535DB209283}.Release|Any CPU.ActiveCfg = Release|Any CPU
		{A067A08F-A3E0-4712-B862-2535DB209283}.Release|Any CPU.Build.0 = Release|Any CPU
	EndGlobalSection
	GlobalSection(SolutionProperties) = preSolution
		HideSolutionNode = FALSE
	EndGlobalSection
	GlobalSection(ExtensibilityGlobals) = postSolution
		SolutionGuid = {1460A3A8-7D78-4C0E-9D44-417A028475AE}
	EndGlobalSection
EndGlobal
