
Microsoft Visual Studio Solution File, Format Version 12.00
# Visual Studio Version 16
VisualStudioVersion = 16.0.32602.291
MinimumVisualStudioVersion = 10.0.40219.1
Project("{FAE04EC0-301F-11D3-BF4B-00C04F79EFBC}") = "Class Method", "Class Method\Class Method.csproj", "{B2A402F6-76E9-4443-8357-3F1CEA0DC653}"
EndProject
Global
	GlobalSection(SolutionConfigurationPlatforms) = preSolution
		Debug|Any CPU = Debug|Any CPU
		Release|Any CPU = Release|Any CPU
	EndGlobalSection
	GlobalSection(ProjectConfigurationPlatforms) = postSolution
		{B2A402F6-76E9-4443-8357-3F1CEA0DC653}.Debug|Any CPU.ActiveCfg = Debug|Any CPU
		{B2A402F6-76E9-4443-8357-3F1CEA0DC653}.Debug|Any CPU.Build.0 = Debug|Any CPU
		{B2A402F6-76E9-4443-8357-3F1CEA0DC653}.Release|Any CPU.ActiveCfg = Release|Any CPU
		{B2A402F6-76E9-4443-8357-3F1CEA0DC653}.Release|Any CPU.Build.0 = Release|Any CPU
	EndGlobalSection
	GlobalSection(SolutionProperties) = preSolution
		HideSolutionNode = FALSE
	EndGlobalSection
	GlobalSection(ExtensibilityGlobals) = postSolution
		SolutionGuid = {CDF44FEE-69EC-43C9-AFBF-4C624E102ED3}
	EndGlobalSection
EndGlobal
