
Microsoft Visual Studio Solution File, Format Version 12.00
# Visual Studio Version 16
VisualStudioVersion = 16.0.32602.291
MinimumVisualStudioVersion = 10.0.40219.1
Project("{FAE04EC0-301F-11D3-BF4B-00C04F79EFBC}") = "ArrayAssignment", "ArrayAssignment\ArrayAssignment.csproj", "{1C32F9C2-EB5D-452D-9EEF-EBC63A64A9DD}"
EndProject
Global
	GlobalSection(SolutionConfigurationPlatforms) = preSolution
		Debug|Any CPU = Debug|Any CPU
		Release|Any CPU = Release|Any CPU
	EndGlobalSection
	GlobalSection(ProjectConfigurationPlatforms) = postSolution
		{1C32F9C2-EB5D-452D-9EEF-EBC63A64A9DD}.Debug|Any CPU.ActiveCfg = Debug|Any CPU
		{1C32F9C2-EB5D-452D-9EEF-EBC63A64A9DD}.Debug|Any CPU.Build.0 = Debug|Any CPU
		{1C32F9C2-EB5D-452D-9EEF-EBC63A64A9DD}.Release|Any CPU.ActiveCfg = Release|Any CPU
		{1C32F9C2-EB5D-452D-9EEF-EBC63A64A9DD}.Release|Any CPU.Build.0 = Release|Any CPU
	EndGlobalSection
	GlobalSection(SolutionProperties) = preSolution
		HideSolutionNode = FALSE
	EndGlobalSection
	GlobalSection(ExtensibilityGlobals) = postSolution
		SolutionGuid = {97088435-2DE5-46EA-A6B6-89341AF99141}
	EndGlobalSection
EndGlobal
