
Microsoft Visual Studio Solution File, Format Version 12.00
# Visual Studio Version 16
VisualStudioVersion = 16.0.32602.291
MinimumVisualStudioVersion = 10.0.40219.1
Project("{FAE04EC0-301F-11D3-BF4B-00C04F79EFBC}") = "Abstractproject", "Abstractproject\Abstractproject.csproj", "{CA54D8F1-684C-4C84-80CC-3DFA38911104}"
EndProject
Global
	GlobalSection(SolutionConfigurationPlatforms) = preSolution
		Debug|Any CPU = Debug|Any CPU
		Release|Any CPU = Release|Any CPU
	EndGlobalSection
	GlobalSection(ProjectConfigurationPlatforms) = postSolution
		{CA54D8F1-684C-4C84-80CC-3DFA38911104}.Debug|Any CPU.ActiveCfg = Debug|Any CPU
		{CA54D8F1-684C-4C84-80CC-3DFA38911104}.Debug|Any CPU.Build.0 = Debug|Any CPU
		{CA54D8F1-684C-4C84-80CC-3DFA38911104}.Release|Any CPU.ActiveCfg = Release|Any CPU
		{CA54D8F1-684C-4C84-80CC-3DFA38911104}.Release|Any CPU.Build.0 = Release|Any CPU
	EndGlobalSection
	GlobalSection(SolutionProperties) = preSolution
		HideSolutionNode = FALSE
	EndGlobalSection
	GlobalSection(ExtensibilityGlobals) = postSolution
		SolutionGuid = {E04C7794-947C-4DF6-9811-A9C7EE800397}
	EndGlobalSection
EndGlobal
